
Microsoft Visual Studio Solution File, Format Version 12.00
# Visual Studio Version 17
VisualStudioVersion = 17.8.34330.188
MinimumVisualStudioVersion = 10.0.40219.1
Project("{9A19103F-16F7-4668-BE54-9A1E7A4F7556}") = "NajmHouseAPI.WebAPI", "NajmHouseAPI.WebAPI\NajmHouseAPI.WebAPI.csproj", "{9FF99BE6-2738-4504-BECF-DA1DBCF510CE}"
EndProject
Project("{9A19103F-16F7-4668-BE54-9A1E7A4F7556}") = "NajmHouseAPI.Application", "NajmHouseAPI.Application\NajmHouseAPI.Application.csproj", "{5C95721B-ACAE-4341-BAC5-1BF5411EE4AA}"
EndProject
Project("{9A19103F-16F7-4668-BE54-9A1E7A4F7556}") = "NajmHouseAPI.Domian", "NajmHouseAPI.Domian\NajmHouseAPI.Domian.csproj", "{5316FBE8-D998-4E45-8DA5-6120FD93F59E}"
EndProject
Project("{9A19103F-16F7-4668-BE54-9A1E7A4F7556}") = "NajmHouseAPI.Infrastructure.Data", "NajmHouseAPI.Infrastructure.Data\NajmHouseAPI.Infrastructure.Data.csproj", "{5440F4B2-5670-4FE5-A84B-C5914A5233D6}"
EndProject
Project("{FAE04EC0-301F-11D3-BF4B-00C04F79EFBC}") = "NajmHouseAPI.Infrastructure.IoC", "NajmHouseAPI.Infrastructure.IoC\NajmHouseAPI.Infrastructure.IoC.csproj", "{889237CD-06E9-47E4-8373-7A07A6D7445D}"
EndProject
Global
	GlobalSection(SolutionConfigurationPlatforms) = preSolution
		Debug|Any CPU = Debug|Any CPU
		Release|Any CPU = Release|Any CPU
	EndGlobalSection
	GlobalSection(ProjectConfigurationPlatforms) = postSolution
		{9FF99BE6-2738-4504-BECF-DA1DBCF510CE}.Debug|Any CPU.ActiveCfg = Debug|Any CPU
		{9FF99BE6-2738-4504-BECF-DA1DBCF510CE}.Debug|Any CPU.Build.0 = Debug|Any CPU
		{9FF99BE6-2738-4504-BECF-DA1DBCF510CE}.Release|Any CPU.ActiveCfg = Release|Any CPU
		{9FF99BE6-2738-4504-BECF-DA1DBCF510CE}.Release|Any CPU.Build.0 = Release|Any CPU
		{5C95721B-ACAE-4341-BAC5-1BF5411EE4AA}.Debug|Any CPU.ActiveCfg = Debug|Any CPU
		{5C95721B-ACAE-4341-BAC5-1BF5411EE4AA}.Debug|Any CPU.Build.0 = Debug|Any CPU
		{5C95721B-ACAE-4341-BAC5-1BF5411EE4AA}.Release|Any CPU.ActiveCfg = Release|Any CPU
		{5C95721B-ACAE-4341-BAC5-1BF5411EE4AA}.Release|Any CPU.Build.0 = Release|Any CPU
		{5316FBE8-D998-4E45-8DA5-6120FD93F59E}.Debug|Any CPU.ActiveCfg = Debug|Any CPU
		{5316FBE8-D998-4E45-8DA5-6120FD93F59E}.Debug|Any CPU.Build.0 = Debug|Any CPU
		{5316FBE8-D998-4E45-8DA5-6120FD93F59E}.Release|Any CPU.ActiveCfg = Release|Any CPU
		{5316FBE8-D998-4E45-8DA5-6120FD93F59E}.Release|Any CPU.Build.0 = Release|Any CPU
		{5440F4B2-5670-4FE5-A84B-C5914A5233D6}.Debug|Any CPU.ActiveCfg = Debug|Any CPU
		{5440F4B2-5670-4FE5-A84B-C5914A5233D6}.Debug|Any CPU.Build.0 = Debug|Any CPU
		{5440F4B2-5670-4FE5-A84B-C5914A5233D6}.Release|Any CPU.ActiveCfg = Release|Any CPU
		{5440F4B2-5670-4FE5-A84B-C5914A5233D6}.Release|Any CPU.Build.0 = Release|Any CPU
		{889237CD-06E9-47E4-8373-7A07A6D7445D}.Debug|Any CPU.ActiveCfg = Debug|Any CPU
		{889237CD-06E9-47E4-8373-7A07A6D7445D}.Debug|Any CPU.Build.0 = Debug|Any CPU
		{889237CD-06E9-47E4-8373-7A07A6D7445D}.Release|Any CPU.ActiveCfg = Release|Any CPU
		{889237CD-06E9-47E4-8373-7A07A6D7445D}.Release|Any CPU.Build.0 = Release|Any CPU
	EndGlobalSection
	GlobalSection(SolutionProperties) = preSolution
		HideSolutionNode = FALSE
	EndGlobalSection
	GlobalSection(ExtensibilityGlobals) = postSolution
		SolutionGuid = {3D7B9C38-6ACB-4838-813D-9CBC16433359}
	EndGlobalSection
EndGlobal
